# This file is automatically @generated by Cargo.
# It is not intended for manual editing.
[[package]]
name = "rads"
version = "0.1.0"
dependencies = [
 "scroll",
]

[[package]]
name = "scroll"
version = "0.10.1"
source = "registry+https://github.com/rust-lang/crates.io-index"
checksum = "abb2332cb595d33f7edd5700f4cbf94892e680c7f0ae56adab58a35190b66cb1"
